
Microsoft Visual Studio Solution File, Format Version 12.00
# Visual Studio Version 17
VisualStudioVersion = 17.0.31903.59
MinimumVisualStudioVersion = 10.0.40219.1
Project("{9A19103F-16F7-4668-BE54-9A1E7A4F7556}") = "Microsoft.Developer.Abstractions", "src\Microsoft.Developer.Abstractions\Microsoft.Developer.Abstractions.csproj", "{42A42DE5-C075-49B2-8CF9-CE02C4ABC271}"
EndProject
Project("{9A19103F-16F7-4668-BE54-9A1E7A4F7556}") = "Microsoft.Developer.Api", "src\Microsoft.Developer.Api\Microsoft.Developer.Api.csproj", "{05FAEA52-7D2B-4E8F-9905-2B1E11938647}"
EndProject
Project("{9A19103F-16F7-4668-BE54-9A1E7A4F7556}") = "Microsoft.Developer.Azure", "src\Microsoft.Developer.Azure\Microsoft.Developer.Azure.csproj", "{6DB98EE8-0B39-40CD-9A0C-A9024F49EF11}"
EndProject
Project("{9A19103F-16F7-4668-BE54-9A1E7A4F7556}") = "Microsoft.Developer.Data.Cosmos", "src\Microsoft.Developer.Data.Cosmos\Microsoft.Developer.Data.Cosmos.csproj", "{709ACF0C-BF66-4CF5-B1D9-9551AAD4F936}"
EndProject
Project("{9A19103F-16F7-4668-BE54-9A1E7A4F7556}") = "Microsoft.Developer.Providers", "src\Microsoft.Developer.Providers\Microsoft.Developer.Providers.csproj", "{40DB0647-EB93-4BBF-94C2-8C2B749EF0FB}"
EndProject
Project("{9A19103F-16F7-4668-BE54-9A1E7A4F7556}") = "Microsoft.Developer.Providers.DevCenter", "..\developer-platform-devcenter\src\Microsoft.Developer.Providers.DevCenter\Microsoft.Developer.Providers.DevCenter.csproj", "{68234EE4-6CFC-4188-9C24-3E6CDBB97E61}"
EndProject
Project("{9A19103F-16F7-4668-BE54-9A1E7A4F7556}") = "Microsoft.Developer.Providers.GitHub", "..\developer-platform-github\src\Microsoft.Developer.Providers.GitHub\Microsoft.Developer.Providers.GitHub.csproj", "{5F365A97-769A-4AB2-9EDA-04CFF75B4FB1}"
EndProject
Project("{2150E333-8FDC-42A3-9474-1A3956D46DE8}") = "platform", "platform", "{63D6D7F3-C2EA-4317-B932-91766E59841C}"
EndProject
Project("{2150E333-8FDC-42A3-9474-1A3956D46DE8}") = "shared", "shared", "{119F952D-5E16-48ED-B80C-4AFE1D464E22}"
EndProject
Project("{2150E333-8FDC-42A3-9474-1A3956D46DE8}") = "tests", "tests", "{FBC60445-3AB6-4B71-B821-1DC703B11EFE}"
EndProject
Project("{9A19103F-16F7-4668-BE54-9A1E7A4F7556}") = "Microsoft.Developer.Abstractions.Tests", "tests\Microsoft.Developer.Abstractions.Tests\Microsoft.Developer.Abstractions.Tests.csproj", "{B1B53925-C6C4-4FFD-AEE3-4F618894541D}"
EndProject
Project("{9A19103F-16F7-4668-BE54-9A1E7A4F7556}") = "Microsoft.Developer.Hosting.AspNetCore", "src\Microsoft.Developer.Hosting.AspNetCore\Microsoft.Developer.Hosting.AspNetCore.csproj", "{6C8880A5-B138-4A21-8FC5-26D90390FE08}"
EndProject
Project("{9A19103F-16F7-4668-BE54-9A1E7A4F7556}") = "Microsoft.Developer.Hosting.Functions", "src\Microsoft.Developer.Hosting.Functions\Microsoft.Developer.Hosting.Functions.csproj", "{658FE1E0-ADDB-4827-8165-E09067BBEF39}"
EndProject
Project("{9A19103F-16F7-4668-BE54-9A1E7A4F7556}") = "Microsoft.Developer.DurableTasks", "src\Microsoft.Developer.DurableTasks\Microsoft.Developer.DurableTasks.csproj", "{BAE0C850-D79D-4793-8D45-666FD66CDD2D}"
EndProject
Project("{9A19103F-16F7-4668-BE54-9A1E7A4F7556}") = "Microsoft.Developer.Hosting", "src\Microsoft.Developer.Hosting\Microsoft.Developer.Hosting.csproj", "{6C76FFC2-9B07-4725-A7E4-A37F9C959BA6}"
EndProject
Project("{9A19103F-16F7-4668-BE54-9A1E7A4F7556}") = "Microsoft.Developer.Serialization.Json", "src\Microsoft.Developer.Serialization.Json\Microsoft.Developer.Serialization.Json.csproj", "{D49F3891-FA91-408F-B05B-360702FC5A27}"
EndProject
Project("{9A19103F-16F7-4668-BE54-9A1E7A4F7556}") = "Microsoft.Developer.Serialization.Json.Tests", "tests\Microsoft.Developer.Serialization.Json.Tests\Microsoft.Developer.Serialization.Json.Tests.csproj", "{A429F585-1146-45D0-92E6-58DEF4360E99}"
EndProject
Project("{FAE04EC0-301F-11D3-BF4B-00C04F79EFBC}") = "Microsoft.Developer.Api.Tests", "tests\Microsoft.Developer.Api.Tests\Microsoft.Developer.Api.Tests.csproj", "{1D38C760-3E37-4016-AC35-AFF63C757B99}"
EndProject
Project("{2150E333-8FDC-42A3-9474-1A3956D46DE8}") = "github", "github", "{6C1FE8BD-7D31-441B-AE46-682CDB01776E}"
EndProject
Project("{2150E333-8FDC-42A3-9474-1A3956D46DE8}") = "devcenter", "devcenter", "{CCB3FBFF-D69B-4EBE-85CF-38722F524F10}"
EndProject
Project("{2150E333-8FDC-42A3-9474-1A3956D46DE8}") = "config", "config", "{F4EC9670-2A26-4A18-9D77-1F77CC5807B6}"
	ProjectSection(SolutionItems) = preProject
		..\developer-platform-devcenter\.editorconfig = ..\developer-platform-devcenter\.editorconfig
		..\developer-platform-devcenter\Directory.Build.props = ..\developer-platform-devcenter\Directory.Build.props
		..\developer-platform-devcenter\Directory.Build.targets = ..\developer-platform-devcenter\Directory.Build.targets
		..\developer-platform-devcenter\Directory.Packages.props = ..\developer-platform-devcenter\Directory.Packages.props
		..\developer-platform-devcenter\global.json = ..\developer-platform-devcenter\global.json
		..\developer-platform-devcenter\src\version.txt = ..\developer-platform-devcenter\src\version.txt
	EndProjectSection
EndProject
Project("{2150E333-8FDC-42A3-9474-1A3956D46DE8}") = "config", "config", "{2C8038F0-0329-4EC2-A844-0338E124CD79}"
	ProjectSection(SolutionItems) = preProject
		..\developer-platform-github\.editorconfig = ..\developer-platform-github\.editorconfig
		..\developer-platform-github\Directory.Build.props = ..\developer-platform-github\Directory.Build.props
		..\developer-platform-github\Directory.Build.targets = ..\developer-platform-github\Directory.Build.targets
		..\developer-platform-github\Directory.Packages.props = ..\developer-platform-github\Directory.Packages.props
		..\developer-platform-github\global.json = ..\developer-platform-github\global.json
		..\developer-platform-github\src\version.txt = ..\developer-platform-github\src\version.txt
	EndProjectSection
EndProject
Project("{2150E333-8FDC-42A3-9474-1A3956D46DE8}") = "config", "config", "{4E92DD01-D72D-4EE7-AEA5-7100821B5563}"
	ProjectSection(SolutionItems) = preProject
		tests\Directory.Build.props = tests\Directory.Build.props
		tests\Directory.Build.targets = tests\Directory.Build.targets
		tests\Directory.Packages.props = tests\Directory.Packages.props
	EndProjectSection
EndProject
Project("{2150E333-8FDC-42A3-9474-1A3956D46DE8}") = "config", "config", "{DD4C3D5E-528F-4BB3-82F9-D4C72EF728A7}"
	ProjectSection(SolutionItems) = preProject
		.editorconfig = .editorconfig
		Directory.Build.props = Directory.Build.props
		Directory.Build.targets = Directory.Build.targets
		Directory.Packages.props = Directory.Packages.props
		global.json = global.json
		src\version.txt = src\version.txt
	EndProjectSection
EndProject
Global
	GlobalSection(SolutionConfigurationPlatforms) = preSolution
		Debug|Any CPU = Debug|Any CPU
		Release|Any CPU = Release|Any CPU
	EndGlobalSection
	GlobalSection(ProjectConfigurationPlatforms) = postSolution
		{42A42DE5-C075-49B2-8CF9-CE02C4ABC271}.Debug|Any CPU.ActiveCfg = Debug|Any CPU
		{42A42DE5-C075-49B2-8CF9-CE02C4ABC271}.Debug|Any CPU.Build.0 = Debug|Any CPU
		{42A42DE5-C075-49B2-8CF9-CE02C4ABC271}.Release|Any CPU.ActiveCfg = Release|Any CPU
		{42A42DE5-C075-49B2-8CF9-CE02C4ABC271}.Release|Any CPU.Build.0 = Release|Any CPU
		{05FAEA52-7D2B-4E8F-9905-2B1E11938647}.Debug|Any CPU.ActiveCfg = Debug|Any CPU
		{05FAEA52-7D2B-4E8F-9905-2B1E11938647}.Debug|Any CPU.Build.0 = Debug|Any CPU
		{05FAEA52-7D2B-4E8F-9905-2B1E11938647}.Release|Any CPU.ActiveCfg = Release|Any CPU
		{05FAEA52-7D2B-4E8F-9905-2B1E11938647}.Release|Any CPU.Build.0 = Release|Any CPU
		{6DB98EE8-0B39-40CD-9A0C-A9024F49EF11}.Debug|Any CPU.ActiveCfg = Debug|Any CPU
		{6DB98EE8-0B39-40CD-9A0C-A9024F49EF11}.Debug|Any CPU.Build.0 = Debug|Any CPU
		{6DB98EE8-0B39-40CD-9A0C-A9024F49EF11}.Release|Any CPU.ActiveCfg = Release|Any CPU
		{6DB98EE8-0B39-40CD-9A0C-A9024F49EF11}.Release|Any CPU.Build.0 = Release|Any CPU
		{709ACF0C-BF66-4CF5-B1D9-9551AAD4F936}.Debug|Any CPU.ActiveCfg = Debug|Any CPU
		{709ACF0C-BF66-4CF5-B1D9-9551AAD4F936}.Debug|Any CPU.Build.0 = Debug|Any CPU
		{709ACF0C-BF66-4CF5-B1D9-9551AAD4F936}.Release|Any CPU.ActiveCfg = Release|Any CPU
		{709ACF0C-BF66-4CF5-B1D9-9551AAD4F936}.Release|Any CPU.Build.0 = Release|Any CPU
		{40DB0647-EB93-4BBF-94C2-8C2B749EF0FB}.Debug|Any CPU.ActiveCfg = Debug|Any CPU
		{40DB0647-EB93-4BBF-94C2-8C2B749EF0FB}.Debug|Any CPU.Build.0 = Debug|Any CPU
		{40DB0647-EB93-4BBF-94C2-8C2B749EF0FB}.Release|Any CPU.ActiveCfg = Release|Any CPU
		{40DB0647-EB93-4BBF-94C2-8C2B749EF0FB}.Release|Any CPU.Build.0 = Release|Any CPU
		{68234EE4-6CFC-4188-9C24-3E6CDBB97E61}.Debug|Any CPU.ActiveCfg = Debug|Any CPU
		{68234EE4-6CFC-4188-9C24-3E6CDBB97E61}.Debug|Any CPU.Build.0 = Debug|Any CPU
		{68234EE4-6CFC-4188-9C24-3E6CDBB97E61}.Release|Any CPU.ActiveCfg = Release|Any CPU
		{68234EE4-6CFC-4188-9C24-3E6CDBB97E61}.Release|Any CPU.Build.0 = Release|Any CPU
		{5F365A97-769A-4AB2-9EDA-04CFF75B4FB1}.Debug|Any CPU.ActiveCfg = Debug|Any CPU
		{5F365A97-769A-4AB2-9EDA-04CFF75B4FB1}.Debug|Any CPU.Build.0 = Debug|Any CPU
		{5F365A97-769A-4AB2-9EDA-04CFF75B4FB1}.Release|Any CPU.ActiveCfg = Release|Any CPU
		{5F365A97-769A-4AB2-9EDA-04CFF75B4FB1}.Release|Any CPU.Build.0 = Release|Any CPU
		{B1B53925-C6C4-4FFD-AEE3-4F618894541D}.Debug|Any CPU.ActiveCfg = Debug|Any CPU
		{B1B53925-C6C4-4FFD-AEE3-4F618894541D}.Debug|Any CPU.Build.0 = Debug|Any CPU
		{B1B53925-C6C4-4FFD-AEE3-4F618894541D}.Release|Any CPU.ActiveCfg = Release|Any CPU
		{B1B53925-C6C4-4FFD-AEE3-4F618894541D}.Release|Any CPU.Build.0 = Release|Any CPU
		{6C8880A5-B138-4A21-8FC5-26D90390FE08}.Debug|Any CPU.ActiveCfg = Debug|Any CPU
		{6C8880A5-B138-4A21-8FC5-26D90390FE08}.Debug|Any CPU.Build.0 = Debug|Any CPU
		{6C8880A5-B138-4A21-8FC5-26D90390FE08}.Release|Any CPU.ActiveCfg = Release|Any CPU
		{6C8880A5-B138-4A21-8FC5-26D90390FE08}.Release|Any CPU.Build.0 = Release|Any CPU
		{658FE1E0-ADDB-4827-8165-E09067BBEF39}.Debug|Any CPU.ActiveCfg = Debug|Any CPU
		{658FE1E0-ADDB-4827-8165-E09067BBEF39}.Debug|Any CPU.Build.0 = Debug|Any CPU
		{658FE1E0-ADDB-4827-8165-E09067BBEF39}.Release|Any CPU.ActiveCfg = Release|Any CPU
		{658FE1E0-ADDB-4827-8165-E09067BBEF39}.Release|Any CPU.Build.0 = Release|Any CPU
		{BAE0C850-D79D-4793-8D45-666FD66CDD2D}.Debug|Any CPU.ActiveCfg = Debug|Any CPU
		{BAE0C850-D79D-4793-8D45-666FD66CDD2D}.Debug|Any CPU.Build.0 = Debug|Any CPU
		{BAE0C850-D79D-4793-8D45-666FD66CDD2D}.Release|Any CPU.ActiveCfg = Release|Any CPU
		{BAE0C850-D79D-4793-8D45-666FD66CDD2D}.Release|Any CPU.Build.0 = Release|Any CPU
		{6C76FFC2-9B07-4725-A7E4-A37F9C959BA6}.Debug|Any CPU.ActiveCfg = Debug|Any CPU
		{6C76FFC2-9B07-4725-A7E4-A37F9C959BA6}.Debug|Any CPU.Build.0 = Debug|Any CPU
		{6C76FFC2-9B07-4725-A7E4-A37F9C959BA6}.Release|Any CPU.ActiveCfg = Release|Any CPU
		{6C76FFC2-9B07-4725-A7E4-A37F9C959BA6}.Release|Any CPU.Build.0 = Release|Any CPU
		{D49F3891-FA91-408F-B05B-360702FC5A27}.Debug|Any CPU.ActiveCfg = Debug|Any CPU
		{D49F3891-FA91-408F-B05B-360702FC5A27}.Debug|Any CPU.Build.0 = Debug|Any CPU
		{D49F3891-FA91-408F-B05B-360702FC5A27}.Release|Any CPU.ActiveCfg = Release|Any CPU
		{D49F3891-FA91-408F-B05B-360702FC5A27}.Release|Any CPU.Build.0 = Release|Any CPU
		{A429F585-1146-45D0-92E6-58DEF4360E99}.Debug|Any CPU.ActiveCfg = Debug|Any CPU
		{A429F585-1146-45D0-92E6-58DEF4360E99}.Debug|Any CPU.Build.0 = Debug|Any CPU
		{A429F585-1146-45D0-92E6-58DEF4360E99}.Release|Any CPU.ActiveCfg = Release|Any CPU
		{A429F585-1146-45D0-92E6-58DEF4360E99}.Release|Any CPU.Build.0 = Release|Any CPU
		{1D38C760-3E37-4016-AC35-AFF63C757B99}.Debug|Any CPU.ActiveCfg = Debug|Any CPU
		{1D38C760-3E37-4016-AC35-AFF63C757B99}.Debug|Any CPU.Build.0 = Debug|Any CPU
		{1D38C760-3E37-4016-AC35-AFF63C757B99}.Release|Any CPU.ActiveCfg = Release|Any CPU
		{1D38C760-3E37-4016-AC35-AFF63C757B99}.Release|Any CPU.Build.0 = Release|Any CPU
	EndGlobalSection
	GlobalSection(SolutionProperties) = preSolution
		HideSolutionNode = FALSE
	EndGlobalSection
	GlobalSection(NestedProjects) = preSolution
		{42A42DE5-C075-49B2-8CF9-CE02C4ABC271} = {63D6D7F3-C2EA-4317-B932-91766E59841C}
		{05FAEA52-7D2B-4E8F-9905-2B1E11938647} = {63D6D7F3-C2EA-4317-B932-91766E59841C}
		{6DB98EE8-0B39-40CD-9A0C-A9024F49EF11} = {63D6D7F3-C2EA-4317-B932-91766E59841C}
		{709ACF0C-BF66-4CF5-B1D9-9551AAD4F936} = {63D6D7F3-C2EA-4317-B932-91766E59841C}
		{40DB0647-EB93-4BBF-94C2-8C2B749EF0FB} = {63D6D7F3-C2EA-4317-B932-91766E59841C}
		{68234EE4-6CFC-4188-9C24-3E6CDBB97E61} = {CCB3FBFF-D69B-4EBE-85CF-38722F524F10}
		{5F365A97-769A-4AB2-9EDA-04CFF75B4FB1} = {6C1FE8BD-7D31-441B-AE46-682CDB01776E}
		{B1B53925-C6C4-4FFD-AEE3-4F618894541D} = {FBC60445-3AB6-4B71-B821-1DC703B11EFE}
		{6C8880A5-B138-4A21-8FC5-26D90390FE08} = {63D6D7F3-C2EA-4317-B932-91766E59841C}
		{658FE1E0-ADDB-4827-8165-E09067BBEF39} = {63D6D7F3-C2EA-4317-B932-91766E59841C}
		{BAE0C850-D79D-4793-8D45-666FD66CDD2D} = {63D6D7F3-C2EA-4317-B932-91766E59841C}
		{6C76FFC2-9B07-4725-A7E4-A37F9C959BA6} = {63D6D7F3-C2EA-4317-B932-91766E59841C}
		{D49F3891-FA91-408F-B05B-360702FC5A27} = {63D6D7F3-C2EA-4317-B932-91766E59841C}
		{A429F585-1146-45D0-92E6-58DEF4360E99} = {FBC60445-3AB6-4B71-B821-1DC703B11EFE}
		{1D38C760-3E37-4016-AC35-AFF63C757B99} = {FBC60445-3AB6-4B71-B821-1DC703B11EFE}
		{F4EC9670-2A26-4A18-9D77-1F77CC5807B6} = {CCB3FBFF-D69B-4EBE-85CF-38722F524F10}
		{2C8038F0-0329-4EC2-A844-0338E124CD79} = {6C1FE8BD-7D31-441B-AE46-682CDB01776E}
		{4E92DD01-D72D-4EE7-AEA5-7100821B5563} = {FBC60445-3AB6-4B71-B821-1DC703B11EFE}
		{DD4C3D5E-528F-4BB3-82F9-D4C72EF728A7} = {63D6D7F3-C2EA-4317-B932-91766E59841C}
	EndGlobalSection
	GlobalSection(ExtensibilityGlobals) = postSolution
		SolutionGuid = {C151EA7D-0E0B-4DFB-8751-98E083EC732D}
	EndGlobalSection
EndGlobal
