
Microsoft Visual Studio Solution File, Format Version 12.00
# Visual Studio Version 17
VisualStudioVersion = 17.0.31903.59
MinimumVisualStudioVersion = 10.0.40219.1
Project("{9A19103F-16F7-4668-BE54-9A1E7A4F7556}") = "Microsoft.Developer.Abstractions", "Microsoft.Developer.Abstractions\Microsoft.Developer.Abstractions.csproj", "{42A42DE5-C075-49B2-8CF9-CE02C4ABC271}"
EndProject
Project("{9A19103F-16F7-4668-BE54-9A1E7A4F7556}") = "Microsoft.Developer.Api", "Microsoft.Developer.Api\Microsoft.Developer.Api.csproj", "{05FAEA52-7D2B-4E8F-9905-2B1E11938647}"
EndProject
Project("{9A19103F-16F7-4668-BE54-9A1E7A4F7556}") = "Microsoft.Developer.Azure", "Microsoft.Developer.Azure\Microsoft.Developer.Azure.csproj", "{6DB98EE8-0B39-40CD-9A0C-A9024F49EF11}"
EndProject
Project("{9A19103F-16F7-4668-BE54-9A1E7A4F7556}") = "Microsoft.Developer.Configuration", "Microsoft.Developer.Configuration\Microsoft.Developer.Configuration.csproj", "{1C4D8D92-E8B9-447A-A777-F5CBD4D82080}"
EndProject
Project("{9A19103F-16F7-4668-BE54-9A1E7A4F7556}") = "Microsoft.Developer.Commands", "Microsoft.Developer.Commands\Microsoft.Developer.Commands.csproj", "{68AA8548-6FB2-46FF-B92F-F0F7D9BA4A04}"
EndProject
Project("{9A19103F-16F7-4668-BE54-9A1E7A4F7556}") = "Microsoft.Developer.Data.Cosmos", "Microsoft.Developer.Data.Cosmos\Microsoft.Developer.Data.Cosmos.csproj", "{709ACF0C-BF66-4CF5-B1D9-9551AAD4F936}"
EndProject
Project("{9A19103F-16F7-4668-BE54-9A1E7A4F7556}") = "Microsoft.Developer.Entities", "Microsoft.Developer.Entities\Microsoft.Developer.Entities.csproj", "{44F92AC1-01E4-4464-ADCE-AE15639225EE}"
EndProject
Project("{9A19103F-16F7-4668-BE54-9A1E7A4F7556}") = "Microsoft.Developer.Entities.Serialization", "Microsoft.Developer.Entities.Serialization\Microsoft.Developer.Entities.Serialization.csproj", "{D7197947-37E7-4FBF-9640-6C6037F139CA}"
EndProject
Project("{9A19103F-16F7-4668-BE54-9A1E7A4F7556}") = "Microsoft.Developer.MSGraph", "Microsoft.Developer.MSGraph\Microsoft.Developer.MSGraph.csproj", "{0A36E2F5-67DD-4E06-8497-B2217CBF34A2}"
EndProject
Project("{9A19103F-16F7-4668-BE54-9A1E7A4F7556}") = "Microsoft.Developer.Orchestrator", "Microsoft.Developer.Orchestrator\Microsoft.Developer.Orchestrator.csproj", "{421D368F-ACCC-4A9C-830F-2CBBE042BD0C}"
EndProject
Project("{9A19103F-16F7-4668-BE54-9A1E7A4F7556}") = "Microsoft.Developer.Providers", "Microsoft.Developer.Providers\Microsoft.Developer.Providers.csproj", "{40DB0647-EB93-4BBF-94C2-8C2B749EF0FB}"
EndProject
Project("{9A19103F-16F7-4668-BE54-9A1E7A4F7556}") = "Microsoft.Developer.Entities.Serialization.Tests", "..\tests\Microsoft.Developer.Entities.Serialization.Tests\Microsoft.Developer.Entities.Serialization.Tests.csproj", "{675D6C0A-1B32-48D0-9A90-A5A3F4A1D075}"
EndProject
Project("{2150E333-8FDC-42A3-9474-1A3956D46DE8}") = "api", "api", "{63D6D7F3-C2EA-4317-B932-91766E59841C}"
EndProject
Project("{2150E333-8FDC-42A3-9474-1A3956D46DE8}") = "orchestrator", "orchestrator", "{5EA4AF6E-4380-4A8C-95F4-BABFEF6F0AAB}"
EndProject
Project("{2150E333-8FDC-42A3-9474-1A3956D46DE8}") = "providers", "providers", "{90BD2EAC-0E1F-4793-A71F-8127B6F4A9C3}"
EndProject
Project("{2150E333-8FDC-42A3-9474-1A3956D46DE8}") = "shared", "shared", "{119F952D-5E16-48ED-B80C-4AFE1D464E22}"
EndProject
Project("{2150E333-8FDC-42A3-9474-1A3956D46DE8}") = "tests", "tests", "{FBC60445-3AB6-4B71-B821-1DC703B11EFE}"
EndProject
Project("{2150E333-8FDC-42A3-9474-1A3956D46DE8}") = "Solution Items", "Solution Items", "{8CC8F02B-1BD8-4554-8D5F-527846C6E873}"
	ProjectSection(SolutionItems) = preProject
		..\.editorconfig = ..\.editorconfig
		..\Directory.Build.props = ..\Directory.Build.props
		..\Directory.Build.targets = ..\Directory.Build.targets
	EndProjectSection
EndProject
Global
	GlobalSection(SolutionConfigurationPlatforms) = preSolution
		Debug|Any CPU = Debug|Any CPU
		Release|Any CPU = Release|Any CPU
	EndGlobalSection
	GlobalSection(ProjectConfigurationPlatforms) = postSolution
		{05FAEA52-7D2B-4E8F-9905-2B1E11938647}.Debug|Any CPU.ActiveCfg = Debug|Any CPU
		{05FAEA52-7D2B-4E8F-9905-2B1E11938647}.Debug|Any CPU.Build.0 = Debug|Any CPU
		{05FAEA52-7D2B-4E8F-9905-2B1E11938647}.Release|Any CPU.ActiveCfg = Release|Any CPU
		{05FAEA52-7D2B-4E8F-9905-2B1E11938647}.Release|Any CPU.Build.0 = Release|Any CPU
		{1C4D8D92-E8B9-447A-A777-F5CBD4D82080}.Debug|Any CPU.ActiveCfg = Debug|Any CPU
		{1C4D8D92-E8B9-447A-A777-F5CBD4D82080}.Debug|Any CPU.Build.0 = Debug|Any CPU
		{1C4D8D92-E8B9-447A-A777-F5CBD4D82080}.Release|Any CPU.ActiveCfg = Release|Any CPU
		{1C4D8D92-E8B9-447A-A777-F5CBD4D82080}.Release|Any CPU.Build.0 = Release|Any CPU
		{40DB0647-EB93-4BBF-94C2-8C2B749EF0FB}.Debug|Any CPU.ActiveCfg = Debug|Any CPU
		{40DB0647-EB93-4BBF-94C2-8C2B749EF0FB}.Debug|Any CPU.Build.0 = Debug|Any CPU
		{40DB0647-EB93-4BBF-94C2-8C2B749EF0FB}.Release|Any CPU.ActiveCfg = Release|Any CPU
		{40DB0647-EB93-4BBF-94C2-8C2B749EF0FB}.Release|Any CPU.Build.0 = Release|Any CPU
		{6DB98EE8-0B39-40CD-9A0C-A9024F49EF11}.Debug|Any CPU.ActiveCfg = Debug|Any CPU
		{6DB98EE8-0B39-40CD-9A0C-A9024F49EF11}.Debug|Any CPU.Build.0 = Debug|Any CPU
		{6DB98EE8-0B39-40CD-9A0C-A9024F49EF11}.Release|Any CPU.ActiveCfg = Release|Any CPU
		{6DB98EE8-0B39-40CD-9A0C-A9024F49EF11}.Release|Any CPU.Build.0 = Release|Any CPU
		{44F92AC1-01E4-4464-ADCE-AE15639225EE}.Debug|Any CPU.ActiveCfg = Debug|Any CPU
		{44F92AC1-01E4-4464-ADCE-AE15639225EE}.Debug|Any CPU.Build.0 = Debug|Any CPU
		{44F92AC1-01E4-4464-ADCE-AE15639225EE}.Release|Any CPU.ActiveCfg = Release|Any CPU
		{44F92AC1-01E4-4464-ADCE-AE15639225EE}.Release|Any CPU.Build.0 = Release|Any CPU
		{68AA8548-6FB2-46FF-B92F-F0F7D9BA4A04}.Debug|Any CPU.ActiveCfg = Debug|Any CPU
		{68AA8548-6FB2-46FF-B92F-F0F7D9BA4A04}.Debug|Any CPU.Build.0 = Debug|Any CPU
		{68AA8548-6FB2-46FF-B92F-F0F7D9BA4A04}.Release|Any CPU.ActiveCfg = Release|Any CPU
		{68AA8548-6FB2-46FF-B92F-F0F7D9BA4A04}.Release|Any CPU.Build.0 = Release|Any CPU
		{0A36E2F5-67DD-4E06-8497-B2217CBF34A2}.Debug|Any CPU.ActiveCfg = Debug|Any CPU
		{0A36E2F5-67DD-4E06-8497-B2217CBF34A2}.Debug|Any CPU.Build.0 = Debug|Any CPU
		{0A36E2F5-67DD-4E06-8497-B2217CBF34A2}.Release|Any CPU.ActiveCfg = Release|Any CPU
		{0A36E2F5-67DD-4E06-8497-B2217CBF34A2}.Release|Any CPU.Build.0 = Release|Any CPU
		{D7197947-37E7-4FBF-9640-6C6037F139CA}.Debug|Any CPU.ActiveCfg = Debug|Any CPU
		{D7197947-37E7-4FBF-9640-6C6037F139CA}.Debug|Any CPU.Build.0 = Debug|Any CPU
		{D7197947-37E7-4FBF-9640-6C6037F139CA}.Release|Any CPU.ActiveCfg = Release|Any CPU
		{D7197947-37E7-4FBF-9640-6C6037F139CA}.Release|Any CPU.Build.0 = Release|Any CPU
		{421D368F-ACCC-4A9C-830F-2CBBE042BD0C}.Debug|Any CPU.ActiveCfg = Debug|Any CPU
		{421D368F-ACCC-4A9C-830F-2CBBE042BD0C}.Debug|Any CPU.Build.0 = Debug|Any CPU
		{421D368F-ACCC-4A9C-830F-2CBBE042BD0C}.Release|Any CPU.ActiveCfg = Release|Any CPU
		{421D368F-ACCC-4A9C-830F-2CBBE042BD0C}.Release|Any CPU.Build.0 = Release|Any CPU
		{42A42DE5-C075-49B2-8CF9-CE02C4ABC271}.Debug|Any CPU.ActiveCfg = Debug|Any CPU
		{42A42DE5-C075-49B2-8CF9-CE02C4ABC271}.Debug|Any CPU.Build.0 = Debug|Any CPU
		{42A42DE5-C075-49B2-8CF9-CE02C4ABC271}.Release|Any CPU.ActiveCfg = Release|Any CPU
		{42A42DE5-C075-49B2-8CF9-CE02C4ABC271}.Release|Any CPU.Build.0 = Release|Any CPU
		{709ACF0C-BF66-4CF5-B1D9-9551AAD4F936}.Debug|Any CPU.ActiveCfg = Debug|Any CPU
		{709ACF0C-BF66-4CF5-B1D9-9551AAD4F936}.Debug|Any CPU.Build.0 = Debug|Any CPU
		{709ACF0C-BF66-4CF5-B1D9-9551AAD4F936}.Release|Any CPU.ActiveCfg = Release|Any CPU
		{709ACF0C-BF66-4CF5-B1D9-9551AAD4F936}.Release|Any CPU.Build.0 = Release|Any CPU
		{675D6C0A-1B32-48D0-9A90-A5A3F4A1D075}.Debug|Any CPU.ActiveCfg = Debug|Any CPU
		{675D6C0A-1B32-48D0-9A90-A5A3F4A1D075}.Debug|Any CPU.Build.0 = Debug|Any CPU
		{675D6C0A-1B32-48D0-9A90-A5A3F4A1D075}.Release|Any CPU.ActiveCfg = Release|Any CPU
		{675D6C0A-1B32-48D0-9A90-A5A3F4A1D075}.Release|Any CPU.Build.0 = Release|Any CPU
	EndGlobalSection
	GlobalSection(SolutionProperties) = preSolution
		HideSolutionNode = FALSE
	EndGlobalSection
	GlobalSection(NestedProjects) = preSolution
		{05FAEA52-7D2B-4E8F-9905-2B1E11938647} = {63D6D7F3-C2EA-4317-B932-91766E59841C}
		{421D368F-ACCC-4A9C-830F-2CBBE042BD0C} = {5EA4AF6E-4380-4A8C-95F4-BABFEF6F0AAB}
		{1C4D8D92-E8B9-447A-A777-F5CBD4D82080} = {119F952D-5E16-48ED-B80C-4AFE1D464E22}
		{40DB0647-EB93-4BBF-94C2-8C2B749EF0FB} = {90BD2EAC-0E1F-4793-A71F-8127B6F4A9C3}
		{6DB98EE8-0B39-40CD-9A0C-A9024F49EF11} = {119F952D-5E16-48ED-B80C-4AFE1D464E22}
		{44F92AC1-01E4-4464-ADCE-AE15639225EE} = {119F952D-5E16-48ED-B80C-4AFE1D464E22}
		{68AA8548-6FB2-46FF-B92F-F0F7D9BA4A04} = {119F952D-5E16-48ED-B80C-4AFE1D464E22}
		{0A36E2F5-67DD-4E06-8497-B2217CBF34A2} = {119F952D-5E16-48ED-B80C-4AFE1D464E22}
		{D7197947-37E7-4FBF-9640-6C6037F139CA} = {119F952D-5E16-48ED-B80C-4AFE1D464E22}
		{42A42DE5-C075-49B2-8CF9-CE02C4ABC271} = {119F952D-5E16-48ED-B80C-4AFE1D464E22}
		{709ACF0C-BF66-4CF5-B1D9-9551AAD4F936} = {119F952D-5E16-48ED-B80C-4AFE1D464E22}
		{675D6C0A-1B32-48D0-9A90-A5A3F4A1D075} = {FBC60445-3AB6-4B71-B821-1DC703B11EFE}
	EndGlobalSection
	GlobalSection(ExtensibilityGlobals) = postSolution
		SolutionGuid = {C151EA7D-0E0B-4DFB-8751-98E083EC732D}
	EndGlobalSection
EndGlobal
