
Microsoft Visual Studio Solution File, Format Version 12.00
# Visual Studio Version 17
VisualStudioVersion = 17.0.31903.59
MinimumVisualStudioVersion = 10.0.40219.1
Project("{FAE04EC0-301F-11D3-BF4B-00C04F79EFBC}") = "Microsoft.Developer.Api", "Microsoft.Developer.Api\Microsoft.Developer.Api.csproj", "{05FAEA52-7D2B-4E8F-9905-2B1E11938647}"
EndProject
Project("{FAE04EC0-301F-11D3-BF4B-00C04F79EFBC}") = "Microsoft.Developer.Configuration", "Microsoft.Developer.Configuration\Microsoft.Developer.Configuration.csproj", "{1C4D8D92-E8B9-447A-A777-F5CBD4D82080}"
EndProject
Project("{FAE04EC0-301F-11D3-BF4B-00C04F79EFBC}") = "Microsoft.Developer.Data", "Microsoft.Developer.Data\Microsoft.Developer.Data.csproj", "{1FEC4957-B6CC-47C1-B696-947558708A98}"
EndProject
Project("{FAE04EC0-301F-11D3-BF4B-00C04F79EFBC}") = "Microsoft.Developer.Providers", "Microsoft.Developer.Providers\Microsoft.Developer.Providers.csproj", "{40DB0647-EB93-4BBF-94C2-8C2B749EF0FB}"
EndProject
Project("{FAE04EC0-301F-11D3-BF4B-00C04F79EFBC}") = "Microsoft.Developer.Azure", "Microsoft.Developer.Azure\Microsoft.Developer.Azure.csproj", "{6DB98EE8-0B39-40CD-9A0C-A9024F49EF11}"
EndProject
Project("{FAE04EC0-301F-11D3-BF4B-00C04F79EFBC}") = "Microsoft.Developer.Entities", "Microsoft.Developer.Entities\Microsoft.Developer.Entities.csproj", "{44F92AC1-01E4-4464-ADCE-AE15639225EE}"
EndProject
Project("{FAE04EC0-301F-11D3-BF4B-00C04F79EFBC}") = "Microsoft.Developer.Commands", "Microsoft.Developer.Commands\Microsoft.Developer.Commands.csproj", "{68AA8548-6FB2-46FF-B92F-F0F7D9BA4A04}"
EndProject
Project("{FAE04EC0-301F-11D3-BF4B-00C04F79EFBC}") = "Microsoft.Developer.MSGraph", "Microsoft.Developer.MSGraph\Microsoft.Developer.MSGraph.csproj", "{0A36E2F5-67DD-4E06-8497-B2217CBF34A2}"
EndProject
Project("{FAE04EC0-301F-11D3-BF4B-00C04F79EFBC}") = "Microsoft.Developer.Entities.Serialization", "Microsoft.Developer.Entities.Serialization\Microsoft.Developer.Entities.Serialization.csproj", "{D7197947-37E7-4FBF-9640-6C6037F139CA}"
EndProject
Project("{FAE04EC0-301F-11D3-BF4B-00C04F79EFBC}") = "Microsoft.Developer.Orchestrator", "Microsoft.Developer.Orchestrator\Microsoft.Developer.Orchestrator.csproj", "{421D368F-ACCC-4A9C-830F-2CBBE042BD0C}"
EndProject
Global
	GlobalSection(SolutionConfigurationPlatforms) = preSolution
		Debug|Any CPU = Debug|Any CPU
		Release|Any CPU = Release|Any CPU
	EndGlobalSection
	GlobalSection(ProjectConfigurationPlatforms) = postSolution
		{05FAEA52-7D2B-4E8F-9905-2B1E11938647}.Debug|Any CPU.ActiveCfg = Debug|Any CPU
		{05FAEA52-7D2B-4E8F-9905-2B1E11938647}.Debug|Any CPU.Build.0 = Debug|Any CPU
		{05FAEA52-7D2B-4E8F-9905-2B1E11938647}.Release|Any CPU.ActiveCfg = Release|Any CPU
		{05FAEA52-7D2B-4E8F-9905-2B1E11938647}.Release|Any CPU.Build.0 = Release|Any CPU
		{1C4D8D92-E8B9-447A-A777-F5CBD4D82080}.Debug|Any CPU.ActiveCfg = Debug|Any CPU
		{1C4D8D92-E8B9-447A-A777-F5CBD4D82080}.Debug|Any CPU.Build.0 = Debug|Any CPU
		{1C4D8D92-E8B9-447A-A777-F5CBD4D82080}.Release|Any CPU.ActiveCfg = Release|Any CPU
		{1C4D8D92-E8B9-447A-A777-F5CBD4D82080}.Release|Any CPU.Build.0 = Release|Any CPU
		{1FEC4957-B6CC-47C1-B696-947558708A98}.Debug|Any CPU.ActiveCfg = Debug|Any CPU
		{1FEC4957-B6CC-47C1-B696-947558708A98}.Debug|Any CPU.Build.0 = Debug|Any CPU
		{1FEC4957-B6CC-47C1-B696-947558708A98}.Release|Any CPU.ActiveCfg = Release|Any CPU
		{1FEC4957-B6CC-47C1-B696-947558708A98}.Release|Any CPU.Build.0 = Release|Any CPU
		{40DB0647-EB93-4BBF-94C2-8C2B749EF0FB}.Debug|Any CPU.ActiveCfg = Debug|Any CPU
		{40DB0647-EB93-4BBF-94C2-8C2B749EF0FB}.Debug|Any CPU.Build.0 = Debug|Any CPU
		{40DB0647-EB93-4BBF-94C2-8C2B749EF0FB}.Release|Any CPU.ActiveCfg = Release|Any CPU
		{40DB0647-EB93-4BBF-94C2-8C2B749EF0FB}.Release|Any CPU.Build.0 = Release|Any CPU
		{6DB98EE8-0B39-40CD-9A0C-A9024F49EF11}.Debug|Any CPU.ActiveCfg = Debug|Any CPU
		{6DB98EE8-0B39-40CD-9A0C-A9024F49EF11}.Debug|Any CPU.Build.0 = Debug|Any CPU
		{6DB98EE8-0B39-40CD-9A0C-A9024F49EF11}.Release|Any CPU.ActiveCfg = Release|Any CPU
		{6DB98EE8-0B39-40CD-9A0C-A9024F49EF11}.Release|Any CPU.Build.0 = Release|Any CPU
		{44F92AC1-01E4-4464-ADCE-AE15639225EE}.Debug|Any CPU.ActiveCfg = Debug|Any CPU
		{44F92AC1-01E4-4464-ADCE-AE15639225EE}.Debug|Any CPU.Build.0 = Debug|Any CPU
		{44F92AC1-01E4-4464-ADCE-AE15639225EE}.Release|Any CPU.ActiveCfg = Release|Any CPU
		{44F92AC1-01E4-4464-ADCE-AE15639225EE}.Release|Any CPU.Build.0 = Release|Any CPU
		{68AA8548-6FB2-46FF-B92F-F0F7D9BA4A04}.Debug|Any CPU.ActiveCfg = Debug|Any CPU
		{68AA8548-6FB2-46FF-B92F-F0F7D9BA4A04}.Debug|Any CPU.Build.0 = Debug|Any CPU
		{68AA8548-6FB2-46FF-B92F-F0F7D9BA4A04}.Release|Any CPU.ActiveCfg = Release|Any CPU
		{68AA8548-6FB2-46FF-B92F-F0F7D9BA4A04}.Release|Any CPU.Build.0 = Release|Any CPU
		{0A36E2F5-67DD-4E06-8497-B2217CBF34A2}.Debug|Any CPU.ActiveCfg = Debug|Any CPU
		{0A36E2F5-67DD-4E06-8497-B2217CBF34A2}.Debug|Any CPU.Build.0 = Debug|Any CPU
		{0A36E2F5-67DD-4E06-8497-B2217CBF34A2}.Release|Any CPU.ActiveCfg = Release|Any CPU
		{0A36E2F5-67DD-4E06-8497-B2217CBF34A2}.Release|Any CPU.Build.0 = Release|Any CPU
		{D7197947-37E7-4FBF-9640-6C6037F139CA}.Debug|Any CPU.ActiveCfg = Debug|Any CPU
		{D7197947-37E7-4FBF-9640-6C6037F139CA}.Debug|Any CPU.Build.0 = Debug|Any CPU
		{D7197947-37E7-4FBF-9640-6C6037F139CA}.Release|Any CPU.ActiveCfg = Release|Any CPU
		{D7197947-37E7-4FBF-9640-6C6037F139CA}.Release|Any CPU.Build.0 = Release|Any CPU
		{421D368F-ACCC-4A9C-830F-2CBBE042BD0C}.Debug|Any CPU.ActiveCfg = Debug|Any CPU
		{421D368F-ACCC-4A9C-830F-2CBBE042BD0C}.Debug|Any CPU.Build.0 = Debug|Any CPU
		{421D368F-ACCC-4A9C-830F-2CBBE042BD0C}.Release|Any CPU.ActiveCfg = Release|Any CPU
		{421D368F-ACCC-4A9C-830F-2CBBE042BD0C}.Release|Any CPU.Build.0 = Release|Any CPU
	EndGlobalSection
	GlobalSection(SolutionProperties) = preSolution
		HideSolutionNode = FALSE
	EndGlobalSection
EndGlobal
